
Microsoft Visual Studio Solution File, Format Version 12.00
# Visual Studio 15
VisualStudioVersion = 15.0.28010.2026
MinimumVisualStudioVersion = 10.0.40219.1
Project("{FAE04EC0-301F-11D3-BF4B-00C04F79EFBC}") = "LocalCommander", "LocalCommander\LocalCommander.csproj", "{D19B8525-0C44-4C4E-B894-B7B6C56DFF3C}"
EndProject
Global
	GlobalSection(SolutionConfigurationPlatforms) = preSolution
		Debug|Any CPU = Debug|Any CPU
		Release|Any CPU = Release|Any CPU
	EndGlobalSection
	GlobalSection(ProjectConfigurationPlatforms) = postSolution
		{D19B8525-0C44-4C4E-B894-B7B6C56DFF3C}.Debug|Any CPU.ActiveCfg = Debug|Any CPU
		{D19B8525-0C44-4C4E-B894-B7B6C56DFF3C}.Debug|Any CPU.Build.0 = Debug|Any CPU
		{D19B8525-0C44-4C4E-B894-B7B6C56DFF3C}.Release|Any CPU.ActiveCfg = Release|Any CPU
		{D19B8525-0C44-4C4E-B894-B7B6C56DFF3C}.Release|Any CPU.Build.0 = Release|Any CPU
	EndGlobalSection
	GlobalSection(SolutionProperties) = preSolution
		HideSolutionNode = FALSE
	EndGlobalSection
	GlobalSection(ExtensibilityGlobals) = postSolution
		SolutionGuid = {0753DB5A-1700-46B9-8F90-8A22A34C3AED}
	EndGlobalSection
EndGlobal
